
Microsoft Visual Studio Solution File, Format Version 11.00
# Visual Studio 2010
Project("{8BC9CEB8-8B4A-11D0-8D11-00A0C91BC942}") = "lozlll", "lozlll\lozlll.vcxproj", "{741A21A5-D217-4026-B6C4-D0FB69F4137F}"
EndProject
Global
	GlobalSection(SolutionConfigurationPlatforms) = preSolution
		Debug|Win32 = Debug|Win32
		Release|Win32 = Release|Win32
	EndGlobalSection
	GlobalSection(ProjectConfigurationPlatforms) = postSolution
		{741A21A5-D217-4026-B6C4-D0FB69F4137F}.Debug|Win32.ActiveCfg = Debug|Win32
		{741A21A5-D217-4026-B6C4-D0FB69F4137F}.Debug|Win32.Build.0 = Debug|Win32
		{741A21A5-D217-4026-B6C4-D0FB69F4137F}.Release|Win32.ActiveCfg = Release|Win32
		{741A21A5-D217-4026-B6C4-D0FB69F4137F}.Release|Win32.Build.0 = Release|Win32
	EndGlobalSection
	GlobalSection(SolutionProperties) = preSolution
		HideSolutionNode = FALSE
	EndGlobalSection
EndGlobal
